
Microsoft Visual Studio Solution File, Format Version 11.00
# Visual Studio 2010
Project("{FAE04EC0-301F-11D3-BF4B-00C04F79EFBC}") = "duclApp", "duclApp\duclApp.csproj", "{3145F02A-C491-4C14-AEC9-986B3E85ECF8}"
EndProject
Project("{FAE04EC0-301F-11D3-BF4B-00C04F79EFBC}") = "Provider", "Provider\Provider.csproj", "{15C67299-8B51-4065-AA6E-6420A29271D3}"
EndProject
Global
	GlobalSection(SolutionConfigurationPlatforms) = preSolution
		Debug|Any CPU = Debug|Any CPU
		Release|Any CPU = Release|Any CPU
	EndGlobalSection
	GlobalSection(ProjectConfigurationPlatforms) = postSolution
		{3145F02A-C491-4C14-AEC9-986B3E85ECF8}.Debug|Any CPU.ActiveCfg = Debug|Any CPU
		{3145F02A-C491-4C14-AEC9-986B3E85ECF8}.Debug|Any CPU.Build.0 = Debug|Any CPU
		{3145F02A-C491-4C14-AEC9-986B3E85ECF8}.Release|Any CPU.ActiveCfg = Release|Any CPU
		{3145F02A-C491-4C14-AEC9-986B3E85ECF8}.Release|Any CPU.Build.0 = Release|Any CPU
		{15C67299-8B51-4065-AA6E-6420A29271D3}.Debug|Any CPU.ActiveCfg = Debug|Any CPU
		{15C67299-8B51-4065-AA6E-6420A29271D3}.Debug|Any CPU.Build.0 = Debug|Any CPU
		{15C67299-8B51-4065-AA6E-6420A29271D3}.Release|Any CPU.ActiveCfg = Release|Any CPU
		{15C67299-8B51-4065-AA6E-6420A29271D3}.Release|Any CPU.Build.0 = Release|Any CPU
	EndGlobalSection
	GlobalSection(SolutionProperties) = preSolution
		HideSolutionNode = FALSE
	EndGlobalSection
EndGlobal
